
Microsoft Visual Studio Solution File, Format Version 12.00
# Visual Studio 15
VisualStudioVersion = 15.0.27703.1
MinimumVisualStudioVersion = 10.0.40219.1
Project("{9A19103F-16F7-4668-BE54-9A1E7A4F7556}") = "MicroService.ApiGateway.Domain", "src\MicroService.ApiGateway.Domain\MicroService.ApiGateway.Domain.csproj", "{554AD327-6DBA-4F8F-96F8-81CE7A0C863F}"
EndProject
Project("{9A19103F-16F7-4668-BE54-9A1E7A4F7556}") = "MicroService.ApiGateway.Application", "src\MicroService.ApiGateway.Application\MicroService.ApiGateway.Application.csproj", "{1A94A50E-06DC-43C1-80B5-B662820EC3EB}"
EndProject
Project("{9A19103F-16F7-4668-BE54-9A1E7A4F7556}") = "MicroService.ApiGateway.EntityFrameworkCore", "src\MicroService.ApiGateway.EntityFrameworkCore\MicroService.ApiGateway.EntityFrameworkCore.csproj", "{C956DD76-69C8-4A9C-83EA-D17DF83340FD}"
EndProject
Project("{9A19103F-16F7-4668-BE54-9A1E7A4F7556}") = "MicroService.ApiGateway.Web", "src\MicroService.ApiGateway.Web\MicroService.ApiGateway.Web.csproj", "{068855E8-9240-4F1A-910B-CF825794513B}"
EndProject
Project("{2150E333-8FDC-42A3-9474-1A3956D46DE8}") = "src", "src", "{CA9AC87F-097E-4F15-8393-4BC07735A5B0}"
EndProject
Project("{2150E333-8FDC-42A3-9474-1A3956D46DE8}") = "themes", "themes", "{89177240-46EC-4867-91A6-29C0F7ADB6D7}"
EndProject
Project("{9A19103F-16F7-4668-BE54-9A1E7A4F7556}") = "Volo.Abp.AspNetCore.Mvc.UI.Theme.Layui", "themes\Volo.Abp.AspNetCore.Mvc.UI.Theme.Layui\Volo.Abp.AspNetCore.Mvc.UI.Theme.Layui.csproj", "{01877A6F-5CF9-4BE9-AFF4-C97D88BCCFBB}"
EndProject
Project("{2150E333-8FDC-42A3-9474-1A3956D46DE8}") = "micro", "micro", "{BC7E1C06-74C0-48BF-AA12-36493EAFFB53}"
EndProject
Project("{2150E333-8FDC-42A3-9474-1A3956D46DE8}") = "abp", "abp", "{876CF402-918E-42A1-B646-D6915A4E42ED}"
EndProject
Project("{9A19103F-16F7-4668-BE54-9A1E7A4F7556}") = "Volo.Abp.MicroService.Json", "..\Volo.Abp\Extensions\Json\Volo.Abp.MicroService.Json\Volo.Abp.MicroService.Json.csproj", "{11FC8D91-B57A-4971-9700-086505FA747F}"
EndProject
Project("{2150E333-8FDC-42A3-9474-1A3956D46DE8}") = "cap", "cap", "{FAFA2320-9C82-42FA-9F87-347C3BFFF84A}"
EndProject
Project("{9A19103F-16F7-4668-BE54-9A1E7A4F7556}") = "Volo.Abp.CAP", "..\DotnetCore\cap\Volo.Abp.CAP\Volo.Abp.CAP.csproj", "{C970A4A1-D4B0-4FB5-BD23-F72D1D4C3245}"
EndProject
Project("{9A19103F-16F7-4668-BE54-9A1E7A4F7556}") = "DotNetCore.CAP", "..\DotnetCore\cap\DotNetCore.CAP\DotNetCore.CAP.csproj", "{4851EEBB-0403-4B5A-AFE5-CB2E4342877C}"
EndProject
Global
	GlobalSection(SolutionConfigurationPlatforms) = preSolution
		Debug|Any CPU = Debug|Any CPU
		Release|Any CPU = Release|Any CPU
	EndGlobalSection
	GlobalSection(ProjectConfigurationPlatforms) = postSolution
		{554AD327-6DBA-4F8F-96F8-81CE7A0C863F}.Debug|Any CPU.ActiveCfg = Debug|Any CPU
		{554AD327-6DBA-4F8F-96F8-81CE7A0C863F}.Debug|Any CPU.Build.0 = Debug|Any CPU
		{554AD327-6DBA-4F8F-96F8-81CE7A0C863F}.Release|Any CPU.ActiveCfg = Release|Any CPU
		{554AD327-6DBA-4F8F-96F8-81CE7A0C863F}.Release|Any CPU.Build.0 = Release|Any CPU
		{1A94A50E-06DC-43C1-80B5-B662820EC3EB}.Debug|Any CPU.ActiveCfg = Debug|Any CPU
		{1A94A50E-06DC-43C1-80B5-B662820EC3EB}.Debug|Any CPU.Build.0 = Debug|Any CPU
		{1A94A50E-06DC-43C1-80B5-B662820EC3EB}.Release|Any CPU.ActiveCfg = Release|Any CPU
		{1A94A50E-06DC-43C1-80B5-B662820EC3EB}.Release|Any CPU.Build.0 = Release|Any CPU
		{C956DD76-69C8-4A9C-83EA-D17DF83340FD}.Debug|Any CPU.ActiveCfg = Debug|Any CPU
		{C956DD76-69C8-4A9C-83EA-D17DF83340FD}.Debug|Any CPU.Build.0 = Debug|Any CPU
		{C956DD76-69C8-4A9C-83EA-D17DF83340FD}.Release|Any CPU.ActiveCfg = Release|Any CPU
		{C956DD76-69C8-4A9C-83EA-D17DF83340FD}.Release|Any CPU.Build.0 = Release|Any CPU
		{068855E8-9240-4F1A-910B-CF825794513B}.Debug|Any CPU.ActiveCfg = Debug|Any CPU
		{068855E8-9240-4F1A-910B-CF825794513B}.Debug|Any CPU.Build.0 = Debug|Any CPU
		{068855E8-9240-4F1A-910B-CF825794513B}.Release|Any CPU.ActiveCfg = Release|Any CPU
		{068855E8-9240-4F1A-910B-CF825794513B}.Release|Any CPU.Build.0 = Release|Any CPU
		{01877A6F-5CF9-4BE9-AFF4-C97D88BCCFBB}.Debug|Any CPU.ActiveCfg = Debug|Any CPU
		{01877A6F-5CF9-4BE9-AFF4-C97D88BCCFBB}.Debug|Any CPU.Build.0 = Debug|Any CPU
		{01877A6F-5CF9-4BE9-AFF4-C97D88BCCFBB}.Release|Any CPU.ActiveCfg = Release|Any CPU
		{01877A6F-5CF9-4BE9-AFF4-C97D88BCCFBB}.Release|Any CPU.Build.0 = Release|Any CPU
		{11FC8D91-B57A-4971-9700-086505FA747F}.Debug|Any CPU.ActiveCfg = Debug|Any CPU
		{11FC8D91-B57A-4971-9700-086505FA747F}.Debug|Any CPU.Build.0 = Debug|Any CPU
		{11FC8D91-B57A-4971-9700-086505FA747F}.Release|Any CPU.ActiveCfg = Release|Any CPU
		{11FC8D91-B57A-4971-9700-086505FA747F}.Release|Any CPU.Build.0 = Release|Any CPU
		{C970A4A1-D4B0-4FB5-BD23-F72D1D4C3245}.Debug|Any CPU.ActiveCfg = Debug|Any CPU
		{C970A4A1-D4B0-4FB5-BD23-F72D1D4C3245}.Debug|Any CPU.Build.0 = Debug|Any CPU
		{C970A4A1-D4B0-4FB5-BD23-F72D1D4C3245}.Release|Any CPU.ActiveCfg = Release|Any CPU
		{C970A4A1-D4B0-4FB5-BD23-F72D1D4C3245}.Release|Any CPU.Build.0 = Release|Any CPU
		{4851EEBB-0403-4B5A-AFE5-CB2E4342877C}.Debug|Any CPU.ActiveCfg = Debug|Any CPU
		{4851EEBB-0403-4B5A-AFE5-CB2E4342877C}.Debug|Any CPU.Build.0 = Debug|Any CPU
		{4851EEBB-0403-4B5A-AFE5-CB2E4342877C}.Release|Any CPU.ActiveCfg = Release|Any CPU
		{4851EEBB-0403-4B5A-AFE5-CB2E4342877C}.Release|Any CPU.Build.0 = Release|Any CPU
	EndGlobalSection
	GlobalSection(SolutionProperties) = preSolution
		HideSolutionNode = FALSE
	EndGlobalSection
	GlobalSection(NestedProjects) = preSolution
		{554AD327-6DBA-4F8F-96F8-81CE7A0C863F} = {CA9AC87F-097E-4F15-8393-4BC07735A5B0}
		{1A94A50E-06DC-43C1-80B5-B662820EC3EB} = {CA9AC87F-097E-4F15-8393-4BC07735A5B0}
		{C956DD76-69C8-4A9C-83EA-D17DF83340FD} = {CA9AC87F-097E-4F15-8393-4BC07735A5B0}
		{068855E8-9240-4F1A-910B-CF825794513B} = {CA9AC87F-097E-4F15-8393-4BC07735A5B0}
		{01877A6F-5CF9-4BE9-AFF4-C97D88BCCFBB} = {89177240-46EC-4867-91A6-29C0F7ADB6D7}
		{876CF402-918E-42A1-B646-D6915A4E42ED} = {BC7E1C06-74C0-48BF-AA12-36493EAFFB53}
		{11FC8D91-B57A-4971-9700-086505FA747F} = {876CF402-918E-42A1-B646-D6915A4E42ED}
		{FAFA2320-9C82-42FA-9F87-347C3BFFF84A} = {BC7E1C06-74C0-48BF-AA12-36493EAFFB53}
		{C970A4A1-D4B0-4FB5-BD23-F72D1D4C3245} = {FAFA2320-9C82-42FA-9F87-347C3BFFF84A}
		{4851EEBB-0403-4B5A-AFE5-CB2E4342877C} = {FAFA2320-9C82-42FA-9F87-347C3BFFF84A}
	EndGlobalSection
	GlobalSection(ExtensibilityGlobals) = postSolution
		SolutionGuid = {28315BFD-90E7-4E14-A2EA-F3D23AF4126F}
	EndGlobalSection
EndGlobal
