
Microsoft Visual Studio Solution File, Format Version 12.00
# Visual Studio Version 16
VisualStudioVersion = 16.0.29324.140
MinimumVisualStudioVersion = 10.0.40219.1
Project("{9A19103F-16F7-4668-BE54-9A1E7A4F7556}") = "MicroService.ApiGatewayAdmin.Domain", "src\MicroService.ApiGatewayAdmin.Domain\MicroService.ApiGatewayAdmin.Domain.csproj", "{554AD327-6DBA-4F8F-96F8-81CE7A0C863F}"
EndProject
Project("{9A19103F-16F7-4668-BE54-9A1E7A4F7556}") = "MicroService.ApiGatewayAdmin.Application", "src\MicroService.ApiGatewayAdmin.Application\MicroService.ApiGatewayAdmin.Application.csproj", "{1A94A50E-06DC-43C1-80B5-B662820EC3EB}"
EndProject
Project("{9A19103F-16F7-4668-BE54-9A1E7A4F7556}") = "MicroService.ApiGatewayAdmin.EntityFrameworkCore", "src\MicroService.ApiGatewayAdmin.EntityFrameworkCore\MicroService.ApiGatewayAdmin.EntityFrameworkCore.csproj", "{C956DD76-69C8-4A9C-83EA-D17DF83340FD}"
EndProject
Project("{9A19103F-16F7-4668-BE54-9A1E7A4F7556}") = "MicroService.ApiGatewayAdmin.Web", "src\MicroService.ApiGatewayAdmin.Web\MicroService.ApiGatewayAdmin.Web.csproj", "{068855E8-9240-4F1A-910B-CF825794513B}"
EndProject
Project("{2150E333-8FDC-42A3-9474-1A3956D46DE8}") = "src", "src", "{CA9AC87F-097E-4F15-8393-4BC07735A5B0}"
EndProject
Project("{2150E333-8FDC-42A3-9474-1A3956D46DE8}") = "themes", "themes", "{89177240-46EC-4867-91A6-29C0F7ADB6D7}"
EndProject
Project("{9A19103F-16F7-4668-BE54-9A1E7A4F7556}") = "Volo.Abp.AspNetCore.Mvc.UI.Theme.Layui", "themes\Volo.Abp.AspNetCore.Mvc.UI.Theme.Layui\Volo.Abp.AspNetCore.Mvc.UI.Theme.Layui.csproj", "{01877A6F-5CF9-4BE9-AFF4-C97D88BCCFBB}"
EndProject
Project("{9A19103F-16F7-4668-BE54-9A1E7A4F7556}") = "MicroService.ApiGateway", "src\MicroService.ApiGateway\MicroService.ApiGateway.csproj", "{E19D933D-7034-4082-AB44-19FE9E95F7F5}"
EndProject
Project("{9A19103F-16F7-4668-BE54-9A1E7A4F7556}") = "MicroService.ApiGatewayAdmin.Application.Shared", "src\MicroService.ApiGatewayAdmin.Application.Shared\MicroService.ApiGatewayAdmin.Application.Shared.csproj", "{DCB41D89-0D4A-43AB-9F74-5E19045C6D6C}"
EndProject
Project("{9A19103F-16F7-4668-BE54-9A1E7A4F7556}") = "MicroService.ApiGatewayAdmin.Domain.Shared", "src\MicroService.ApiGatewayAdmin.Domain.Shared\MicroService.ApiGatewayAdmin.Domain.Shared.csproj", "{1BEA49FB-E2FF-4307-90A5-EAAA9069344B}"
EndProject
Project("{9A19103F-16F7-4668-BE54-9A1E7A4F7556}") = "MicroService.ApiGateway.HttpApi.Client", "src\MicroService.ApiGateway.HttpApi.Client\MicroService.ApiGateway.HttpApi.Client.csproj", "{A2B6E198-B021-4B65-A1E4-145CBBA1ACFA}"
EndProject
Global
	GlobalSection(SolutionConfigurationPlatforms) = preSolution
		Debug|Any CPU = Debug|Any CPU
		Release|Any CPU = Release|Any CPU
	EndGlobalSection
	GlobalSection(ProjectConfigurationPlatforms) = postSolution
		{554AD327-6DBA-4F8F-96F8-81CE7A0C863F}.Debug|Any CPU.ActiveCfg = Debug|Any CPU
		{554AD327-6DBA-4F8F-96F8-81CE7A0C863F}.Debug|Any CPU.Build.0 = Debug|Any CPU
		{554AD327-6DBA-4F8F-96F8-81CE7A0C863F}.Release|Any CPU.ActiveCfg = Release|Any CPU
		{554AD327-6DBA-4F8F-96F8-81CE7A0C863F}.Release|Any CPU.Build.0 = Release|Any CPU
		{1A94A50E-06DC-43C1-80B5-B662820EC3EB}.Debug|Any CPU.ActiveCfg = Debug|Any CPU
		{1A94A50E-06DC-43C1-80B5-B662820EC3EB}.Debug|Any CPU.Build.0 = Debug|Any CPU
		{1A94A50E-06DC-43C1-80B5-B662820EC3EB}.Release|Any CPU.ActiveCfg = Release|Any CPU
		{1A94A50E-06DC-43C1-80B5-B662820EC3EB}.Release|Any CPU.Build.0 = Release|Any CPU
		{C956DD76-69C8-4A9C-83EA-D17DF83340FD}.Debug|Any CPU.ActiveCfg = Debug|Any CPU
		{C956DD76-69C8-4A9C-83EA-D17DF83340FD}.Debug|Any CPU.Build.0 = Debug|Any CPU
		{C956DD76-69C8-4A9C-83EA-D17DF83340FD}.Release|Any CPU.ActiveCfg = Release|Any CPU
		{C956DD76-69C8-4A9C-83EA-D17DF83340FD}.Release|Any CPU.Build.0 = Release|Any CPU
		{068855E8-9240-4F1A-910B-CF825794513B}.Debug|Any CPU.ActiveCfg = Debug|Any CPU
		{068855E8-9240-4F1A-910B-CF825794513B}.Debug|Any CPU.Build.0 = Debug|Any CPU
		{068855E8-9240-4F1A-910B-CF825794513B}.Release|Any CPU.ActiveCfg = Release|Any CPU
		{068855E8-9240-4F1A-910B-CF825794513B}.Release|Any CPU.Build.0 = Release|Any CPU
		{01877A6F-5CF9-4BE9-AFF4-C97D88BCCFBB}.Debug|Any CPU.ActiveCfg = Debug|Any CPU
		{01877A6F-5CF9-4BE9-AFF4-C97D88BCCFBB}.Debug|Any CPU.Build.0 = Debug|Any CPU
		{01877A6F-5CF9-4BE9-AFF4-C97D88BCCFBB}.Release|Any CPU.ActiveCfg = Release|Any CPU
		{01877A6F-5CF9-4BE9-AFF4-C97D88BCCFBB}.Release|Any CPU.Build.0 = Release|Any CPU
		{E19D933D-7034-4082-AB44-19FE9E95F7F5}.Debug|Any CPU.ActiveCfg = Debug|Any CPU
		{E19D933D-7034-4082-AB44-19FE9E95F7F5}.Debug|Any CPU.Build.0 = Debug|Any CPU
		{E19D933D-7034-4082-AB44-19FE9E95F7F5}.Release|Any CPU.ActiveCfg = Release|Any CPU
		{E19D933D-7034-4082-AB44-19FE9E95F7F5}.Release|Any CPU.Build.0 = Release|Any CPU
		{DCB41D89-0D4A-43AB-9F74-5E19045C6D6C}.Debug|Any CPU.ActiveCfg = Debug|Any CPU
		{DCB41D89-0D4A-43AB-9F74-5E19045C6D6C}.Debug|Any CPU.Build.0 = Debug|Any CPU
		{DCB41D89-0D4A-43AB-9F74-5E19045C6D6C}.Release|Any CPU.ActiveCfg = Release|Any CPU
		{DCB41D89-0D4A-43AB-9F74-5E19045C6D6C}.Release|Any CPU.Build.0 = Release|Any CPU
		{1BEA49FB-E2FF-4307-90A5-EAAA9069344B}.Debug|Any CPU.ActiveCfg = Debug|Any CPU
		{1BEA49FB-E2FF-4307-90A5-EAAA9069344B}.Debug|Any CPU.Build.0 = Debug|Any CPU
		{1BEA49FB-E2FF-4307-90A5-EAAA9069344B}.Release|Any CPU.ActiveCfg = Release|Any CPU
		{1BEA49FB-E2FF-4307-90A5-EAAA9069344B}.Release|Any CPU.Build.0 = Release|Any CPU
		{A2B6E198-B021-4B65-A1E4-145CBBA1ACFA}.Debug|Any CPU.ActiveCfg = Debug|Any CPU
		{A2B6E198-B021-4B65-A1E4-145CBBA1ACFA}.Debug|Any CPU.Build.0 = Debug|Any CPU
		{A2B6E198-B021-4B65-A1E4-145CBBA1ACFA}.Release|Any CPU.ActiveCfg = Release|Any CPU
		{A2B6E198-B021-4B65-A1E4-145CBBA1ACFA}.Release|Any CPU.Build.0 = Release|Any CPU
	EndGlobalSection
	GlobalSection(SolutionProperties) = preSolution
		HideSolutionNode = FALSE
	EndGlobalSection
	GlobalSection(NestedProjects) = preSolution
		{554AD327-6DBA-4F8F-96F8-81CE7A0C863F} = {CA9AC87F-097E-4F15-8393-4BC07735A5B0}
		{1A94A50E-06DC-43C1-80B5-B662820EC3EB} = {CA9AC87F-097E-4F15-8393-4BC07735A5B0}
		{C956DD76-69C8-4A9C-83EA-D17DF83340FD} = {CA9AC87F-097E-4F15-8393-4BC07735A5B0}
		{068855E8-9240-4F1A-910B-CF825794513B} = {CA9AC87F-097E-4F15-8393-4BC07735A5B0}
		{01877A6F-5CF9-4BE9-AFF4-C97D88BCCFBB} = {89177240-46EC-4867-91A6-29C0F7ADB6D7}
		{E19D933D-7034-4082-AB44-19FE9E95F7F5} = {CA9AC87F-097E-4F15-8393-4BC07735A5B0}
		{DCB41D89-0D4A-43AB-9F74-5E19045C6D6C} = {CA9AC87F-097E-4F15-8393-4BC07735A5B0}
		{1BEA49FB-E2FF-4307-90A5-EAAA9069344B} = {CA9AC87F-097E-4F15-8393-4BC07735A5B0}
		{A2B6E198-B021-4B65-A1E4-145CBBA1ACFA} = {CA9AC87F-097E-4F15-8393-4BC07735A5B0}
	EndGlobalSection
	GlobalSection(ExtensibilityGlobals) = postSolution
		SolutionGuid = {28315BFD-90E7-4E14-A2EA-F3D23AF4126F}
	EndGlobalSection
EndGlobal
